
Microsoft Visual Studio Solution File, Format Version 12.00
# Visual Studio Version 16
VisualStudioVersion = 16.0.29230.47
MinimumVisualStudioVersion = 10.0.40219.1
Project("{FAE04EC0-301F-11D3-BF4B-00C04F79EFBC}") = "Read and write file txt", "Read and write file txt.csproj", "{B4BB3F2D-AE92-48A2-8015-45B417F57522}"
EndProject
Global
	GlobalSection(SolutionConfigurationPlatforms) = preSolution
		Debug|Any CPU = Debug|Any CPU
		Release|Any CPU = Release|Any CPU
	EndGlobalSection
	GlobalSection(ProjectConfigurationPlatforms) = postSolution
		{B4BB3F2D-AE92-48A2-8015-45B417F57522}.Debug|Any CPU.ActiveCfg = Debug|Any CPU
		{B4BB3F2D-AE92-48A2-8015-45B417F57522}.Debug|Any CPU.Build.0 = Debug|Any CPU
		{B4BB3F2D-AE92-48A2-8015-45B417F57522}.Release|Any CPU.ActiveCfg = Release|Any CPU
		{B4BB3F2D-AE92-48A2-8015-45B417F57522}.Release|Any CPU.Build.0 = Release|Any CPU
	EndGlobalSection
	GlobalSection(SolutionProperties) = preSolution
		HideSolutionNode = FALSE
	EndGlobalSection
	GlobalSection(ExtensibilityGlobals) = postSolution
		SolutionGuid = {4E7393A5-DC64-4AA4-80C2-7633AE671364}
	EndGlobalSection
EndGlobal
